
Microsoft Visual Studio Solution File, Format Version 12.00
# Visual Studio Version 17
VisualStudioVersion = 17.3.32901.215
MinimumVisualStudioVersion = 10.0.40219.1
Project("{FAE04EC0-301F-11D3-BF4B-00C04F79EFBC}") = "testForgit", "testForgit\testForgit.csproj", "{20F2B48A-CF97-4618-983B-A991D1A4EAE4}"
EndProject
Global
	GlobalSection(SolutionConfigurationPlatforms) = preSolution
		Debug|Any CPU = Debug|Any CPU
		Release|Any CPU = Release|Any CPU
	EndGlobalSection
	GlobalSection(ProjectConfigurationPlatforms) = postSolution
		{20F2B48A-CF97-4618-983B-A991D1A4EAE4}.Debug|Any CPU.ActiveCfg = Debug|Any CPU
		{20F2B48A-CF97-4618-983B-A991D1A4EAE4}.Debug|Any CPU.Build.0 = Debug|Any CPU
		{20F2B48A-CF97-4618-983B-A991D1A4EAE4}.Release|Any CPU.ActiveCfg = Release|Any CPU
		{20F2B48A-CF97-4618-983B-A991D1A4EAE4}.Release|Any CPU.Build.0 = Release|Any CPU
	EndGlobalSection
	GlobalSection(SolutionProperties) = preSolution
		HideSolutionNode = FALSE
	EndGlobalSection
	GlobalSection(ExtensibilityGlobals) = postSolution
		SolutionGuid = {17F98321-7432-4391-BBA3-273EB8D8DD95}
	EndGlobalSection
EndGlobal
